
Microsoft Visual Studio Solution File, Format Version 12.00
# Visual Studio Version 17
VisualStudioVersion = 17.3.32825.248
MinimumVisualStudioVersion = 10.0.40219.1
Project("{FAE04EC0-301F-11D3-BF4B-00C04F79EFBC}") = "Пианино", "Пианино\Пианино.csproj", "{EB689ED4-1453-46A9-BDED-322C8362E48F}"
EndProject
Global
	GlobalSection(SolutionConfigurationPlatforms) = preSolution
		Debug|Any CPU = Debug|Any CPU
		Release|Any CPU = Release|Any CPU
	EndGlobalSection
	GlobalSection(ProjectConfigurationPlatforms) = postSolution
		{EB689ED4-1453-46A9-BDED-322C8362E48F}.Debug|Any CPU.ActiveCfg = Debug|Any CPU
		{EB689ED4-1453-46A9-BDED-322C8362E48F}.Debug|Any CPU.Build.0 = Debug|Any CPU
		{EB689ED4-1453-46A9-BDED-322C8362E48F}.Release|Any CPU.ActiveCfg = Release|Any CPU
		{EB689ED4-1453-46A9-BDED-322C8362E48F}.Release|Any CPU.Build.0 = Release|Any CPU
	EndGlobalSection
	GlobalSection(SolutionProperties) = preSolution
		HideSolutionNode = FALSE
	EndGlobalSection
	GlobalSection(ExtensibilityGlobals) = postSolution
		SolutionGuid = {CDEB6AAA-78C1-45B0-A4A4-8718FE006785}
	EndGlobalSection
EndGlobal
