
Microsoft Visual Studio Solution File, Format Version 12.00
# Visual Studio Version 17
VisualStudioVersion = 17.3.32825.248
MinimumVisualStudioVersion = 10.0.40219.1
Project("{FAE04EC0-301F-11D3-BF4B-00C04F79EFBC}") = "29 сентября", "29 сентября\29 сентября.csproj", "{2A1121EE-B0C0-402C-927E-0D9AAC29D858}"
EndProject
Global
	GlobalSection(SolutionConfigurationPlatforms) = preSolution
		Debug|Any CPU = Debug|Any CPU
		Release|Any CPU = Release|Any CPU
	EndGlobalSection
	GlobalSection(ProjectConfigurationPlatforms) = postSolution
		{2A1121EE-B0C0-402C-927E-0D9AAC29D858}.Debug|Any CPU.ActiveCfg = Debug|Any CPU
		{2A1121EE-B0C0-402C-927E-0D9AAC29D858}.Debug|Any CPU.Build.0 = Debug|Any CPU
		{2A1121EE-B0C0-402C-927E-0D9AAC29D858}.Release|Any CPU.ActiveCfg = Release|Any CPU
		{2A1121EE-B0C0-402C-927E-0D9AAC29D858}.Release|Any CPU.Build.0 = Release|Any CPU
	EndGlobalSection
	GlobalSection(SolutionProperties) = preSolution
		HideSolutionNode = FALSE
	EndGlobalSection
	GlobalSection(ExtensibilityGlobals) = postSolution
		SolutionGuid = {325B81D2-40C0-4A86-B549-3C9CF0701F07}
	EndGlobalSection
EndGlobal
