
Microsoft Visual Studio Solution File, Format Version 12.00
# Visual Studio Version 17
VisualStudioVersion = 17.3.32825.248
MinimumVisualStudioVersion = 10.0.40219.1
Project("{FAE04EC0-301F-11D3-BF4B-00C04F79EFBC}") = "13.10.22", "13.10.22\13.10.22.csproj", "{D5D2E8DB-ED8B-40F3-819E-D1579F0C8F36}"
EndProject
Global
	GlobalSection(SolutionConfigurationPlatforms) = preSolution
		Debug|Any CPU = Debug|Any CPU
		Release|Any CPU = Release|Any CPU
	EndGlobalSection
	GlobalSection(ProjectConfigurationPlatforms) = postSolution
		{D5D2E8DB-ED8B-40F3-819E-D1579F0C8F36}.Debug|Any CPU.ActiveCfg = Debug|Any CPU
		{D5D2E8DB-ED8B-40F3-819E-D1579F0C8F36}.Debug|Any CPU.Build.0 = Debug|Any CPU
		{D5D2E8DB-ED8B-40F3-819E-D1579F0C8F36}.Release|Any CPU.ActiveCfg = Release|Any CPU
		{D5D2E8DB-ED8B-40F3-819E-D1579F0C8F36}.Release|Any CPU.Build.0 = Release|Any CPU
	EndGlobalSection
	GlobalSection(SolutionProperties) = preSolution
		HideSolutionNode = FALSE
	EndGlobalSection
	GlobalSection(ExtensibilityGlobals) = postSolution
		SolutionGuid = {0335360A-AB73-4AE5-859D-59DFF2E7E46D}
	EndGlobalSection
EndGlobal
