
Microsoft Visual Studio Solution File, Format Version 12.00
# Visual Studio Version 17
VisualStudioVersion = 17.3.32825.248
MinimumVisualStudioVersion = 10.0.40219.1
Project("{FAE04EC0-301F-11D3-BF4B-00C04F79EFBC}") = "ОАИП2П", "ОАИП2П\ОАИП2П.csproj", "{54220112-8205-44B1-9CF1-146210112D5C}"
EndProject
Global
	GlobalSection(SolutionConfigurationPlatforms) = preSolution
		Debug|Any CPU = Debug|Any CPU
		Release|Any CPU = Release|Any CPU
	EndGlobalSection
	GlobalSection(ProjectConfigurationPlatforms) = postSolution
		{54220112-8205-44B1-9CF1-146210112D5C}.Debug|Any CPU.ActiveCfg = Debug|Any CPU
		{54220112-8205-44B1-9CF1-146210112D5C}.Debug|Any CPU.Build.0 = Debug|Any CPU
		{54220112-8205-44B1-9CF1-146210112D5C}.Release|Any CPU.ActiveCfg = Release|Any CPU
		{54220112-8205-44B1-9CF1-146210112D5C}.Release|Any CPU.Build.0 = Release|Any CPU
	EndGlobalSection
	GlobalSection(SolutionProperties) = preSolution
		HideSolutionNode = FALSE
	EndGlobalSection
	GlobalSection(ExtensibilityGlobals) = postSolution
		SolutionGuid = {5121085E-BB3A-4DC7-8937-CA8D0B62CCCC}
	EndGlobalSection
EndGlobal
