
Microsoft Visual Studio Solution File, Format Version 12.00
# Visual Studio Version 17
VisualStudioVersion = 17.3.32825.248
MinimumVisualStudioVersion = 10.0.40219.1
Project("{FAE04EC0-301F-11D3-BF4B-00C04F79EFBC}") = "jnj", "jnj\jnj.csproj", "{CCBF49BD-F464-45F1-A3FF-CB97D2E5FDFC}"
EndProject
Global
	GlobalSection(SolutionConfigurationPlatforms) = preSolution
		Debug|Any CPU = Debug|Any CPU
		Release|Any CPU = Release|Any CPU
	EndGlobalSection
	GlobalSection(ProjectConfigurationPlatforms) = postSolution
		{CCBF49BD-F464-45F1-A3FF-CB97D2E5FDFC}.Debug|Any CPU.ActiveCfg = Debug|Any CPU
		{CCBF49BD-F464-45F1-A3FF-CB97D2E5FDFC}.Debug|Any CPU.Build.0 = Debug|Any CPU
		{CCBF49BD-F464-45F1-A3FF-CB97D2E5FDFC}.Release|Any CPU.ActiveCfg = Release|Any CPU
		{CCBF49BD-F464-45F1-A3FF-CB97D2E5FDFC}.Release|Any CPU.Build.0 = Release|Any CPU
	EndGlobalSection
	GlobalSection(SolutionProperties) = preSolution
		HideSolutionNode = FALSE
	EndGlobalSection
	GlobalSection(ExtensibilityGlobals) = postSolution
		SolutionGuid = {777D286B-65A9-4EB5-BD35-C9F4FDC537DB}
	EndGlobalSection
EndGlobal
